// !$*UTF8*$!
{
	archiveVersion = 1;
	classes = {
	};
	objectVersion = 55;
	objects = {

/* Begin PBXBuildFile section */
		9A5D84A7276D56F2004A06FE /* AppDelegate.swift in Sources */ = {isa = PBXBuildFile; fileRef = 9A5D84A6276D56F2004A06FE /* AppDelegate.swift */; };
		9A5D84A9276D56F2004A06FE /* SceneDelegate.swift in Sources */ = {isa = PBXBuildFile; fileRef = 9A5D84A8276D56F2004A06FE /* SceneDelegate.swift */; };
		9A5D84AB276D56F2004A06FE /* ViewController.swift in Sources */ = {isa = PBXBuildFile; fileRef = 9A5D84AA276D56F2004A06FE /* ViewController.swift */; };
		9A5D84AE276D56F2004A06FE /* Main.storyboard in Resources */ = {isa = PBXBuildFile; fileRef = 9A5D84AC276D56F2004A06FE /* Main.storyboard */; };
		9A5D84B0276D56F3004A06FE /* Assets.xcassets in Resources */ = {isa = PBXBuildFile; fileRef = 9A5D84AF276D56F3004A06FE /* Assets.xcassets */; };
		9A5D84B3276D56F3004A06FE /* LaunchScreen.storyboard in Resources */ = {isa = PBXBuildFile; fileRef = 9A5D84B1276D56F3004A06FE /* LaunchScreen.storyboard */; };
		9A5D84BB276D571B004A06FE /* StarwarsModel.swift in Sources */ = {isa = PBXBuildFile; fileRef = 9A5D84BA276D571B004A06FE /* StarwarsModel.swift */; };
		9A5D84BD276D5727004A06FE /* APIService.swift in Sources */ = {isa = PBXBuildFile; fileRef = 9A5D84BC276D5727004A06FE /* APIService.swift */; };
		9A5D84BF276D5775004A06FE /* HomeView.swift in Sources */ = {isa = PBXBuildFile; fileRef = 9A5D84BE276D5775004A06FE /* HomeView.swift */; };
		9A5D84C5276D5935004A06FE /* StarwarsEventViewModel.swift in Sources */ = {isa = PBXBuildFile; fileRef = 9A5D84C4276D5935004A06FE /* StarwarsEventViewModel.swift */; };
		9A5D84C8276D6C12004A06FE /* StarWarsTableViewDataSource.swift in Sources */ = {isa = PBXBuildFile; fileRef = 9A5D84C7276D6C12004A06FE /* StarWarsTableViewDataSource.swift */; };
		9A5D84CA276D6F16004A06FE /* StarWarsTableViewCells.swift in Sources */ = {isa = PBXBuildFile; fileRef = 9A5D84C9276D6F16004A06FE /* StarWarsTableViewCells.swift */; };
/* End PBXBuildFile section */

/* Begin PBXFileReference section */
		9A5D84A3276D56F2004A06FE /* Phunware App.app */ = {isa = PBXFileReference; explicitFileType = wrapper.application; includeInIndex = 0; path = "Phunware App.app"; sourceTree = BUILT_PRODUCTS_DIR; };
		9A5D84A6276D56F2004A06FE /* AppDelegate.swift */ = {isa = PBXFileReference; lastKnownFileType = sourcecode.swift; path = AppDelegate.swift; sourceTree = "<group>"; };
		9A5D84A8276D56F2004A06FE /* SceneDelegate.swift */ = {isa = PBXFileReference; lastKnownFileType = sourcecode.swift; path = SceneDelegate.swift; sourceTree = "<group>"; };
		9A5D84AA276D56F2004A06FE /* ViewController.swift */ = {isa = PBXFileReference; lastKnownFileType = sourcecode.swift; path = ViewController.swift; sourceTree = "<group>"; };
		9A5D84AD276D56F2004A06FE /* Base */ = {isa = PBXFileReference; lastKnownFileType = file.storyboard; name = Base; path = Base.lproj/Main.storyboard; sourceTree = "<group>"; };
		9A5D84AF276D56F3004A06FE /* Assets.xcassets */ = {isa = PBXFileReference; lastKnownFileType = folder.assetcatalog; path = Assets.xcassets; sourceTree = "<group>"; };
		9A5D84B2276D56F3004A06FE /* Base */ = {isa = PBXFileReference; lastKnownFileType = file.storyboard; name = Base; path = Base.lproj/LaunchScreen.storyboard; sourceTree = "<group>"; };
		9A5D84B4276D56F3004A06FE /* Info.plist */ = {isa = PBXFileReference; lastKnownFileType = text.plist.xml; path = Info.plist; sourceTree = "<group>"; };
		9A5D84BA276D571B004A06FE /* StarwarsModel.swift */ = {isa = PBXFileReference; lastKnownFileType = sourcecode.swift; path = StarwarsModel.swift; sourceTree = "<group>"; };
		9A5D84BC276D5727004A06FE /* APIService.swift */ = {isa = PBXFileReference; lastKnownFileType = sourcecode.swift; path = APIService.swift; sourceTree = "<group>"; };
		9A5D84BE276D5775004A06FE /* HomeView.swift */ = {isa = PBXFileReference; lastKnownFileType = sourcecode.swift; path = HomeView.swift; sourceTree = "<group>"; };
		9A5D84C4276D5935004A06FE /* StarwarsEventViewModel.swift */ = {isa = PBXFileReference; lastKnownFileType = sourcecode.swift; path = StarwarsEventViewModel.swift; sourceTree = "<group>"; };
		9A5D84C7276D6C12004A06FE /* StarWarsTableViewDataSource.swift */ = {isa = PBXFileReference; lastKnownFileType = sourcecode.swift; path = StarWarsTableViewDataSource.swift; sourceTree = "<group>"; };
		9A5D84C9276D6F16004A06FE /* StarWarsTableViewCells.swift */ = {isa = PBXFileReference; lastKnownFileType = sourcecode.swift; path = StarWarsTableViewCells.swift; sourceTree = "<group>"; };
/* End PBXFileReference section */

/* Begin PBXFrameworksBuildPhase section */
		9A5D84A0276D56F2004A06FE /* Frameworks */ = {
			isa = PBXFrameworksBuildPhase;
			buildActionMask = 2147483647;
			files = (
			);
			runOnlyForDeploymentPostprocessing = 0;
		};
/* End PBXFrameworksBuildPhase section */

/* Begin PBXGroup section */
		9A5D849A276D56F2004A06FE = {
			isa = PBXGroup;
			children = (
				9A5D84A5276D56F2004A06FE /* Phunware App */,
				9A5D84A4276D56F2004A06FE /* Products */,
			);
			sourceTree = "<group>";
		};
		9A5D84A4276D56F2004A06FE /* Products */ = {
			isa = PBXGroup;
			children = (
				9A5D84A3276D56F2004A06FE /* Phunware App.app */,
			);
			name = Products;
			sourceTree = "<group>";
		};
		9A5D84A5276D56F2004A06FE /* Phunware App */ = {
			isa = PBXGroup;
			children = (
				9A5D84CB276D6F24004A06FE /* TableViewCells */,
				9A5D84C6276D593C004A06FE /* ViewModels */,
				9A5D84C3276D57D2004A06FE /* Models */,
				9A5D84C2276D57C6004A06FE /* WebService */,
				9A5D84C1276D57BC004A06FE /* Controllers */,
				9A5D84C0276D57A1004A06FE /* Common */,
				9A5D84AC276D56F2004A06FE /* Main.storyboard */,
				9A5D84AF276D56F3004A06FE /* Assets.xcassets */,
				9A5D84B1276D56F3004A06FE /* LaunchScreen.storyboard */,
				9A5D84B4276D56F3004A06FE /* Info.plist */,
			);
			path = "Phunware App";
			sourceTree = "<group>";
		};
		9A5D84C0276D57A1004A06FE /* Common */ = {
			isa = PBXGroup;
			children = (
				9A5D84A6276D56F2004A06FE /* AppDelegate.swift */,
				9A5D84A8276D56F2004A06FE /* SceneDelegate.swift */,
			);
			path = Common;
			sourceTree = "<group>";
		};
		9A5D84C1276D57BC004A06FE /* Controllers */ = {
			isa = PBXGroup;
			children = (
				9A5D84AA276D56F2004A06FE /* ViewController.swift */,
				9A5D84BE276D5775004A06FE /* HomeView.swift */,
			);
			path = Controllers;
			sourceTree = "<group>";
		};
		9A5D84C2276D57C6004A06FE /* WebService */ = {
			isa = PBXGroup;
			children = (
				9A5D84BC276D5727004A06FE /* APIService.swift */,
			);
			path = WebService;
			sourceTree = "<group>";
		};
		9A5D84C3276D57D2004A06FE /* Models */ = {
			isa = PBXGroup;
			children = (
				9A5D84BA276D571B004A06FE /* StarwarsModel.swift */,
			);
			path = Models;
			sourceTree = "<group>";
		};
		9A5D84C6276D593C004A06FE /* ViewModels */ = {
			isa = PBXGroup;
			children = (
				9A5D84C4276D5935004A06FE /* StarwarsEventViewModel.swift */,
				9A5D84C7276D6C12004A06FE /* StarWarsTableViewDataSource.swift */,
			);
			path = ViewModels;
			sourceTree = "<group>";
		};
		9A5D84CB276D6F24004A06FE /* TableViewCells */ = {
			isa = PBXGroup;
			children = (
				9A5D84C9276D6F16004A06FE /* StarWarsTableViewCells.swift */,
			);
			path = TableViewCells;
			sourceTree = "<group>";
		};
/* End PBXGroup section */

/* Begin PBXNativeTarget section */
		9A5D84A2276D56F2004A06FE /* Phunware App */ = {
			isa = PBXNativeTarget;
			buildConfigurationList = 9A5D84B7276D56F3004A06FE /* Build configuration list for PBXNativeTarget "Phunware App" */;
			buildPhases = (
				9A5D849F276D56F2004A06FE /* Sources */,
				9A5D84A0276D56F2004A06FE /* Frameworks */,
				9A5D84A1276D56F2004A06FE /* Resources */,
			);
			buildRules = (
			);
			dependencies = (
			);
			name = "Phunware App";
			productName = "Phunware App";
			productReference = 9A5D84A3276D56F2004A06FE /* Phunware App.app */;
			productType = "com.apple.product-type.application";
		};
/* End PBXNativeTarget section */

/* Begin PBXProject section */
		9A5D849B276D56F2004A06FE /* Project object */ = {
			isa = PBXProject;
			attributes = {
				BuildIndependentTargetsInParallel = 1;
				LastSwiftUpdateCheck = 1320;
				LastUpgradeCheck = 1320;
				TargetAttributes = {
					9A5D84A2276D56F2004A06FE = {
						CreatedOnToolsVersion = 13.2;
					};
				};
			};
			buildConfigurationList = 9A5D849E276D56F2004A06FE /* Build configuration list for PBXProject "Phunware App" */;
			compatibilityVersion = "Xcode 13.0";
			developmentRegion = en;
			hasScannedForEncodings = 0;
			knownRegions = (
				en,
				Base,
			);
			mainGroup = 9A5D849A276D56F2004A06FE;
			productRefGroup = 9A5D84A4276D56F2004A06FE /* Products */;
			projectDirPath = "";
			projectRoot = "";
			targets = (
				9A5D84A2276D56F2004A06FE /* Phunware App */,
			);
		};
/* End PBXProject section */

/* Begin PBXResourcesBuildPhase section */
		9A5D84A1276D56F2004A06FE /* Resources */ = {
			isa = PBXResourcesBuildPhase;
			buildActionMask = 2147483647;
			files = (
				9A5D84B3276D56F3004A06FE /* LaunchScreen.storyboard in Resources */,
				9A5D84B0276D56F3004A06FE /* Assets.xcassets in Resources */,
				9A5D84AE276D56F2004A06FE /* Main.storyboard in Resources */,
			);
			runOnlyForDeploymentPostprocessing = 0;
		};
/* End PBXResourcesBuildPhase section */

/* Begin PBXSourcesBuildPhase section */
		9A5D849F276D56F2004A06FE /* Sources */ = {
			isa = PBXSourcesBuildPhase;
			buildActionMask = 2147483647;
			files = (
				9A5D84AB276D56F2004A06FE /* ViewController.swift in Sources */,
				9A5D84BD276D5727004A06FE /* APIService.swift in Sources */,
				9A5D84BB276D571B004A06FE /* StarwarsModel.swift in Sources */,
				9A5D84C8276D6C12004A06FE /* StarWarsTableViewDataSource.swift in Sources */,
				9A5D84CA276D6F16004A06FE /* StarWarsTableViewCells.swift in Sources */,
				9A5D84C5276D5935004A06FE /* StarwarsEventViewModel.swift in Sources */,
				9A5D84BF276D5775004A06FE /* HomeView.swift in Sources */,
				9A5D84A7276D56F2004A06FE /* AppDelegate.swift in Sources */,
				9A5D84A9276D56F2004A06FE /* SceneDelegate.swift in Sources */,
			);
			runOnlyForDeploymentPostprocessing = 0;
		};
/* End PBXSourcesBuildPhase section */

/* Begin PBXVariantGroup section */
		9A5D84AC276D56F2004A06FE /* Main.storyboard */ = {
			isa = PBXVariantGroup;
			children = (
				9A5D84AD276D56F2004A06FE /* Base */,
			);
			name = Main.storyboard;
			sourceTree = "<group>";
		};
		9A5D84B1276D56F3004A06FE /* LaunchScreen.storyboard */ = {
			isa = PBXVariantGroup;
			children = (
				9A5D84B2276D56F3004A06FE /* Base */,
			);
			name = LaunchScreen.storyboard;
			sourceTree = "<group>";
		};
/* End PBXVariantGroup section */

/* Begin XCBuildConfiguration section */
		9A5D84B5276D56F3004A06FE /* Debug */ = {
			isa = XCBuildConfiguration;
			buildSettings = {
				ALWAYS_SEARCH_USER_PATHS = NO;
				CLANG_ANALYZER_NONNULL = YES;
				CLANG_ANALYZER_NUMBER_OBJECT_CONVERSION = YES_AGGRESSIVE;
				CLANG_CXX_LANGUAGE_STANDARD = "gnu++17";
				CLANG_CXX_LIBRARY = "libc++";
				CLANG_ENABLE_MODULES = YES;
				CLANG_ENABLE_OBJC_ARC = YES;
				CLANG_ENABLE_OBJC_WEAK = YES;
				CLANG_WARN_BLOCK_CAPTURE_AUTORELEASING = YES;
				CLANG_WARN_BOOL_CONVERSION = YES;
				CLANG_WARN_COMMA = YES;
				CLANG_WARN_CONSTANT_CONVERSION = YES;
				CLANG_WARN_DEPRECATED_OBJC_IMPLEMENTATIONS = YES;
				CLANG_WARN_DIRECT_OBJC_ISA_USAGE = YES_ERROR;
				CLANG_WARN_DOCUMENTATION_COMMENTS = YES;
				CLANG_WARN_EMPTY_BODY = YES;
				CLANG_WARN_ENUM_CONVERSION = YES;
				CLANG_WARN_INFINITE_RECURSION = YES;
				CLANG_WARN_INT_CONVERSION = YES;
				CLANG_WARN_NON_LITERAL_NULL_CONVERSION = YES;
				CLANG_WARN_OBJC_IMPLICIT_RETAIN_SELF = YES;
				CLANG_WARN_OBJC_LITERAL_CONVERSION = YES;
				CLANG_WARN_OBJC_ROOT_CLASS = YES_ERROR;
				CLANG_WARN_QUOTED_INCLUDE_IN_FRAMEWORK_HEADER = YES;
				CLANG_WARN_RANGE_LOOP_ANALYSIS = YES;
				CLANG_WARN_STRICT_PROTOTYPES = YES;
				CLANG_WARN_SUSPICIOUS_MOVE = YES;
				CLANG_WARN_UNGUARDED_AVAILABILITY = YES_AGGRESSIVE;
				CLANG_WARN_UNREACHABLE_CODE = YES;
				CLANG_WARN__DUPLICATE_METHOD_MATCH = YES;
				COPY_PHASE_STRIP = NO;
				DEBUG_INFORMATION_FORMAT = dwarf;
				ENABLE_STRICT_OBJC_MSGSEND = YES;
				ENABLE_TESTABILITY = YES;
				GCC_C_LANGUAGE_STANDARD = gnu11;
				GCC_DYNAMIC_NO_PIC = NO;
				GCC_NO_COMMON_BLOCKS = YES;
				GCC_OPTIMIZATION_LEVEL = 0;
				GCC_PREPROCESSOR_DEFINITIONS = (
					"DEBUG=1",
					"$(inherited)",
				);
				GCC_WARN_64_TO_32_BIT_CONVERSION = YES;
				GCC_WARN_ABOUT_RETURN_TYPE = YES_ERROR;
				GCC_WARN_UNDECLARED_SELECTOR = YES;
				GCC_WARN_UNINITIALIZED_AUTOS = YES_AGGRESSIVE;
				GCC_WARN_UNUSED_FUNCTION = YES;
				GCC_WARN_UNUSED_VARIABLE = YES;
				IPHONEOS_DEPLOYMENT_TARGET = 15.2;
				MTL_ENABLE_DEBUG_INFO = INCLUDE_SOURCE;
				MTL_FAST_MATH = YES;
				ONLY_ACTIVE_ARCH = YES;
				SDKROOT = iphoneos;
				SWIFT_ACTIVE_COMPILATION_CONDITIONS = DEBUG;
				SWIFT_OPTIMIZATION_LEVEL = "-Onone";
			};
			name = Debug;
		};
		9A5D84B6276D56F3004A06FE /* Release */ = {
			isa = XCBuildConfiguration;
			buildSettings = {
				ALWAYS_SEARCH_USER_PATHS = NO;
				CLANG_ANALYZER_NONNULL = YES;
				CLANG_ANALYZER_NUMBER_OBJECT_CONVERSION = YES_AGGRESSIVE;
				CLANG_CXX_LANGUAGE_STANDARD = "gnu++17";
				CLANG_CXX_LIBRARY = "libc++";
				CLANG_ENABLE_MODULES = YES;
				CLANG_ENABLE_OBJC_ARC = YES;
				CLANG_ENABLE_OBJC_WEAK = YES;
				CLANG_WARN_BLOCK_CAPTURE_AUTORELEASING = YES;
				CLANG_WARN_BOOL_CONVERSION = YES;
				CLANG_WARN_COMMA = YES;
				CLANG_WARN_CONSTANT_CONVERSION = YES;
				CLANG_WARN_DEPRECATED_OBJC_IMPLEMENTATIONS = YES;
				CLANG_WARN_DIRECT_OBJC_ISA_USAGE = YES_ERROR;
				CLANG_WARN_DOCUMENTATION_COMMENTS = YES;
				CLANG_WARN_EMPTY_BODY = YES;
				CLANG_WARN_ENUM_CONVERSION = YES;
				CLANG_WARN_INFINITE_RECURSION = YES;
				CLANG_WARN_INT_CONVERSION = YES;
				CLANG_WARN_NON_LITERAL_NULL_CONVERSION = YES;
				CLANG_WARN_OBJC_IMPLICIT_RETAIN_SELF = YES;
				CLANG_WARN_OBJC_LITERAL_CONVERSION = YES;
				CLANG_WARN_OBJC_ROOT_CLASS = YES_ERROR;
				CLANG_WARN_QUOTED_INCLUDE_IN_FRAMEWORK_HEADER = YES;
				CLANG_WARN_RANGE_LOOP_ANALYSIS = YES;
				CLANG_WARN_STRICT_PROTOTYPES = YES;
				CLANG_WARN_SUSPICIOUS_MOVE = YES;
				CLANG_WARN_UNGUARDED_AVAILABILITY = YES_AGGRESSIVE;
				CLANG_WARN_UNREACHABLE_CODE = YES;
				CLANG_WARN__DUPLICATE_METHOD_MATCH = YES;
				COPY_PHASE_STRIP = NO;
				DEBUG_INFORMATION_FORMAT = "dwarf-with-dsym";
				ENABLE_NS_ASSERTIONS = NO;
				ENABLE_STRICT_OBJC_MSGSEND = YES;
				GCC_C_LANGUAGE_STANDARD = gnu11;
				GCC_NO_COMMON_BLOCKS = YES;
				GCC_WARN_64_TO_32_BIT_CONVERSION = YES;
				GCC_WARN_ABOUT_RETURN_TYPE = YES_ERROR;
				GCC_WARN_UNDECLARED_SELECTOR = YES;
				GCC_WARN_UNINITIALIZED_AUTOS = YES_AGGRESSIVE;
				GCC_WARN_UNUSED_FUNCTION = YES;
				GCC_WARN_UNUSED_VARIABLE = YES;
				IPHONEOS_DEPLOYMENT_TARGET = 15.2;
				MTL_ENABLE_DEBUG_INFO = NO;
				MTL_FAST_MATH = YES;
				SDKROOT = iphoneos;
				SWIFT_COMPILATION_MODE = wholemodule;
				SWIFT_OPTIMIZATION_LEVEL = "-O";
				VALIDATE_PRODUCT = YES;
			};
			name = Release;
		};
		9A5D84B8276D56F3004A06FE /* Debug */ = {
			isa = XCBuildConfiguration;
			buildSettings = {
				ASSETCATALOG_COMPILER_APPICON_NAME = AppIcon;
				ASSETCATALOG_COMPILER_GLOBAL_ACCENT_COLOR_NAME = AccentColor;
				CODE_SIGN_STYLE = Automatic;
				CURRENT_PROJECT_VERSION = 1;
				DEVELOPMENT_TEAM = LZP93YHFUD;
				GENERATE_INFOPLIST_FILE = YES;
				INFOPLIST_FILE = "Phunware App/Info.plist";
				INFOPLIST_KEY_UIApplicationSupportsIndirectInputEvents = YES;
				INFOPLIST_KEY_UILaunchStoryboardName = LaunchScreen;
				INFOPLIST_KEY_UIMainStoryboardFile = Main;
				INFOPLIST_KEY_UISupportedInterfaceOrientations_iPad = "UIInterfaceOrientationPortrait UIInterfaceOrientationPortraitUpsideDown UIInterfaceOrientationLandscapeLeft UIInterfaceOrientationLandscapeRight";
				INFOPLIST_KEY_UISupportedInterfaceOrientations_iPhone = "UIInterfaceOrientationPortrait UIInterfaceOrientationLandscapeLeft UIInterfaceOrientationLandscapeRight";
				LD_RUNPATH_SEARCH_PATHS = (
					"$(inherited)",
					"@executable_path/Frameworks",
				);
				MARKETING_VERSION = 1.0;
				PRODUCT_BUNDLE_IDENTIFIER = "com.afulwider.Phunware-App";
				PRODUCT_NAME = "$(TARGET_NAME)";
				SWIFT_EMIT_LOC_STRINGS = YES;
				SWIFT_VERSION = 5.0;
				TARGETED_DEVICE_FAMILY = "1,2";
			};
			name = Debug;
		};
		9A5D84B9276D56F3004A06FE /* Release */ = {
			isa = XCBuildConfiguration;
			buildSettings = {
				ASSETCATALOG_COMPILER_APPICON_NAME = AppIcon;
				ASSETCATALOG_COMPILER_GLOBAL_ACCENT_COLOR_NAME = AccentColor;
				CODE_SIGN_STYLE = Automatic;
				CURRENT_PROJECT_VERSION = 1;
				DEVELOPMENT_TEAM = LZP93YHFUD;
				GENERATE_INFOPLIST_FILE = YES;
				INFOPLIST_FILE = "Phunware App/Info.plist";
				INFOPLIST_KEY_UIApplicationSupportsIndirectInputEvents = YES;
				INFOPLIST_KEY_UILaunchStoryboardName = LaunchScreen;
				INFOPLIST_KEY_UIMainStoryboardFile = Main;
				INFOPLIST_KEY_UISupportedInterfaceOrientations_iPad = "UIInterfaceOrientationPortrait UIInterfaceOrientationPortraitUpsideDown UIInterfaceOrientationLandscapeLeft UIInterfaceOrientationLandscapeRight";
				INFOPLIST_KEY_UISupportedInterfaceOrientations_iPhone = "UIInterfaceOrientationPortrait UIInterfaceOrientationLandscapeLeft UIInterfaceOrientationLandscapeRight";
				LD_RUNPATH_SEARCH_PATHS = (
					"$(inherited)",
					"@executable_path/Frameworks",
				);
				MARKETING_VERSION = 1.0;
				PRODUCT_BUNDLE_IDENTIFIER = "com.afulwider.Phunware-App";
				PRODUCT_NAME = "$(TARGET_NAME)";
				SWIFT_EMIT_LOC_STRINGS = YES;
				SWIFT_VERSION = 5.0;
				TARGETED_DEVICE_FAMILY = "1,2";
			};
			name = Release;
		};
/* End XCBuildConfiguration section */

/* Begin XCConfigurationList section */
		9A5D849E276D56F2004A06FE /* Build configuration list for PBXProject "Phunware App" */ = {
			isa = XCConfigurationList;
			buildConfigurations = (
				9A5D84B5276D56F3004A06FE /* Debug */,
				9A5D84B6276D56F3004A06FE /* Release */,
			);
			defaultConfigurationIsVisible = 0;
			defaultConfigurationName = Release;
		};
		9A5D84B7276D56F3004A06FE /* Build configuration list for PBXNativeTarget "Phunware App" */ = {
			isa = XCConfigurationList;
			buildConfigurations = (
				9A5D84B8276D56F3004A06FE /* Debug */,
				9A5D84B9276D56F3004A06FE /* Release */,
			);
			defaultConfigurationIsVisible = 0;
			defaultConfigurationName = Release;
		};
/* End XCConfigurationList section */
	};
	rootObject = 9A5D849B276D56F2004A06FE /* Project object */;
}
